
Microsoft Visual Studio Solution File, Format Version 12.00
# Visual Studio Version 17
VisualStudioVersion = 17.13.35931.197 d17.13
MinimumVisualStudioVersion = 10.0.40219.1
Project("{FAE04EC0-301F-11D3-BF4B-00C04F79EFBC}") = "HRManagementMVC", "HRManagementMVC\HRManagementMVC.csproj", "{D6CB1B54-7EF5-4AED-A776-BF7BB2C15291}"
EndProject
Global
	GlobalSection(SolutionConfigurationPlatforms) = preSolution
		Debug|Any CPU = Debug|Any CPU
		Release|Any CPU = Release|Any CPU
	EndGlobalSection
	GlobalSection(ProjectConfigurationPlatforms) = postSolution
		{D6CB1B54-7EF5-4AED-A776-BF7BB2C15291}.Debug|Any CPU.ActiveCfg = Debug|Any CPU
		{D6CB1B54-7EF5-4AED-A776-BF7BB2C15291}.Debug|Any CPU.Build.0 = Debug|Any CPU
		{D6CB1B54-7EF5-4AED-A776-BF7BB2C15291}.Release|Any CPU.ActiveCfg = Release|Any CPU
		{D6CB1B54-7EF5-4AED-A776-BF7BB2C15291}.Release|Any CPU.Build.0 = Release|Any CPU
	EndGlobalSection
	GlobalSection(SolutionProperties) = preSolution
		HideSolutionNode = FALSE
	EndGlobalSection
	GlobalSection(ExtensibilityGlobals) = postSolution
		SolutionGuid = {3224B930-4E47-4C6B-8376-BB4D8F724646}
	EndGlobalSection
EndGlobal
